// !$*UTF8*$!
{
	archiveVersion = 1;
	classes = {
	};
	objectVersion = 77;
	objects = {

/* Begin PBXFileReference section */
		88726B082D734EF900CA62BD /* dailies.md */ = {isa = PBXFileReference; lastKnownFileType = net.daringfireball.markdown; path = dailies.md; sourceTree = "<group>"; };
		88726B092D734EF900CA62BD /* jsonSample.json */ = {isa = PBXFileReference; lastKnownFileType = text.json; path = jsonSample.json; sourceTree = "<group>"; };
		88726B0A2D734EF900CA62BD /* dyanmicpage.html */ = {isa = PBXFileReference; lastKnownFileType = text.html; path = dyanmicpage.html; sourceTree = "<group>"; };
		88726B0B2D734EF900CA62BD /* apisrv.py */ = {isa = PBXFileReference; lastKnownFileType = text.script.python; path = apisrv.py; sourceTree = "<group>"; };
		88726B0C2D734EF900CA62BD /* counterdump.py */ = {isa = PBXFileReference; lastKnownFileType = text.script.python; path = counterdump.py; sourceTree = "<group>"; };
		88726B0D2D734F1700CA62BD /* readme.md */ = {isa = PBXFileReference; lastKnownFileType = net.daringfireball.markdown; path = readme.md; sourceTree = "<group>"; };
		88726B0E2D73510C00CA62BD /* sqsdump.py */ = {isa = PBXFileReference; lastKnownFileType = text.script.python; path = sqsdump.py; sourceTree = "<group>"; };
		88726B0F2D73517B00CA62BD /* lambdadump.py */ = {isa = PBXFileReference; lastKnownFileType = text.script.python; path = lambdadump.py; sourceTree = "<group>"; };
		88726B102D7351CD00CA62BD /* logdumper.py */ = {isa = PBXFileReference; lastKnownFileType = text.script.python; path = logdumper.py; sourceTree = "<group>"; };
		88726B112D750A9200CA62BD /* vans.csv */ = {isa = PBXFileReference; lastKnownFileType = text; path = vans.csv; sourceTree = "<group>"; };
		88726B122D75329C00CA62BD /* birkenstock.csv */ = {isa = PBXFileReference; lastKnownFileType = text; path = birkenstock.csv; sourceTree = "<group>"; };
		88726B132D7532FC00CA62BD /* ads_data.csv */ = {isa = PBXFileReference; lastKnownFileType = text; path = ads_data.csv; sourceTree = "<group>"; };
		88726B142D753AB500CA62BD /* txtToCSV-prompt.txt */ = {isa = PBXFileReference; lastKnownFileType = text; path = "txtToCSV-prompt.txt"; sourceTree = "<group>"; };
		88726B152D753C9B00CA62BD /* birkenstock-ads.csv */ = {isa = PBXFileReference; lastKnownFileType = text; path = "birkenstock-ads.csv"; sourceTree = "<group>"; };
		88726B162D753E5200CA62BD /* croc-ads.csv */ = {isa = PBXFileReference; lastKnownFileType = text; path = "croc-ads.csv"; sourceTree = "<group>"; };
		88726B172D753FE300CA62BD /* File.txt */ = {isa = PBXFileReference; lastKnownFileType = text; path = File.txt; sourceTree = "<group>"; };
		88726B182D75422B00CA62BD /* hoya-ads.csv */ = {isa = PBXFileReference; lastKnownFileType = text; path = "hoya-ads.csv"; sourceTree = "<group>"; };
		88726B192D7543CE00CA62BD /* ugg-ads.csv */ = {isa = PBXFileReference; lastKnownFileType = text; path = "ugg-ads.csv"; sourceTree = "<group>"; };
		88726B1A2D75472300CA62BD /* skecher-ads.csv */ = {isa = PBXFileReference; lastKnownFileType = text; path = "skecher-ads.csv"; sourceTree = "<group>"; };
		88726B1C2D7912C000CA62BD /* dolater.md */ = {isa = PBXFileReference; lastKnownFileType = net.daringfireball.markdown; path = dolater.md; sourceTree = "<group>"; };
		88726B1D2D7A714200CA62BD /* CodeReview.txt */ = {isa = PBXFileReference; lastKnownFileType = text; path = CodeReview.txt; sourceTree = "<group>"; };
		88726B1E2D7B412D00CA62BD /* sqslambdareview.md */ = {isa = PBXFileReference; lastKnownFileType = net.daringfireball.markdown; path = sqslambdareview.md; sourceTree = "<group>"; };
		88726B1F2D7D0CB500CA62BD /* OpsManual.md */ = {isa = PBXFileReference; lastKnownFileType = net.daringfireball.markdown; path = OpsManual.md; sourceTree = "<group>"; };
		88726B202D81D90A00CA62BD /* should-fix.md */ = {isa = PBXFileReference; lastKnownFileType = net.daringfireball.markdown; name = "should-fix.md"; path = "/Users/billdonner/Desktop/should-fix.md"; sourceTree = "<absolute>"; };
		88726B212D8A5B0100CA62BD /* bp.txt */ = {isa = PBXFileReference; lastKnownFileType = text; path = bp.txt; sourceTree = "<group>"; };
		88726B222D8A682000CA62BD /* File 2.md */ = {isa = PBXFileReference; lastKnownFileType = net.daringfireball.markdown; path = "File 2.md"; sourceTree = "<group>"; };
		88726B232D8A738300CA62BD /* claude.py */ = {isa = PBXFileReference; lastKnownFileType = text.script.python; path = claude.py; sourceTree = "<group>"; };
		88726B242D8A75A800CA62BD /* claude35.py */ = {isa = PBXFileReference; lastKnownFileType = text.script.python; path = claude35.py; sourceTree = "<group>"; };
		88726B252D8C3A3800CA62BD /* foobar.md */ = {isa = PBXFileReference; lastKnownFileType = net.daringfireball.markdown; path = foobar.md; sourceTree = "<group>"; };
		88726B262D90502400CA62BD /* ops-discussion.md */ = {isa = PBXFileReference; lastKnownFileType = net.daringfireball.markdown; path = "ops-discussion.md"; sourceTree = "<group>"; };
		88726B272D9051C100CA62BD /* logging-discussion.md */ = {isa = PBXFileReference; lastKnownFileType = net.daringfireball.markdown; path = "logging-discussion.md"; sourceTree = "<group>"; };
		88726B282D90532300CA62BD /* container-discussion.md */ = {isa = PBXFileReference; lastKnownFileType = net.daringfireball.markdown; path = "container-discussion.md"; sourceTree = "<group>"; };
		88726B292D9055EF00CA62BD /* dev-discussion.md */ = {isa = PBXFileReference; lastKnownFileType = net.daringfireball.markdown; path = "dev-discussion.md"; sourceTree = "<group>"; };
		88726B2B2D908E0C00CA62BD /* aws-discussion.md */ = {isa = PBXFileReference; lastKnownFileType = net.daringfireball.markdown; path = "aws-discussion.md"; sourceTree = "<group>"; };
/* End PBXFileReference section */

/* Begin PBXGroup section */
		88726B012D734EE300CA62BD = {
			isa = PBXGroup;
			children = (
				88726B0D2D734F1700CA62BD /* readme.md */,
				88726B172D753FE300CA62BD /* File.txt */,
				88726B142D753AB500CA62BD /* txtToCSV-prompt.txt */,
				88726B0E2D73510C00CA62BD /* sqsdump.py */,
				88726B1C2D7912C000CA62BD /* dolater.md */,
				88726B1D2D7A714200CA62BD /* CodeReview.txt */,
				88726B202D81D90A00CA62BD /* should-fix.md */,
				88726B212D8A5B0100CA62BD /* bp.txt */,
				88726B222D8A682000CA62BD /* File 2.md */,
				88726B232D8A738300CA62BD /* claude.py */,
				88726B242D8A75A800CA62BD /* claude35.py */,
				88726B252D8C3A3800CA62BD /* foobar.md */,
				88726B2C2D908F2500CA62BD /* discussions */,
				88726B1B2D75484F00CA62BD /* ads data */,
				88726B1E2D7B412D00CA62BD /* sqslambdareview.md */,
				88726B1F2D7D0CB500CA62BD /* OpsManual.md */,
				88726B0F2D73517B00CA62BD /* lambdadump.py */,
				88726B102D7351CD00CA62BD /* logdumper.py */,
				88726B082D734EF900CA62BD /* dailies.md */,
				88726B092D734EF900CA62BD /* jsonSample.json */,
				88726B0A2D734EF900CA62BD /* dyanmicpage.html */,
				88726B0B2D734EF900CA62BD /* apisrv.py */,
				88726B0C2D734EF900CA62BD /* counterdump.py */,
			);
			sourceTree = "<group>";
		};
		88726B1B2D75484F00CA62BD /* ads data */ = {
			isa = PBXGroup;
			children = (
				88726B112D750A9200CA62BD /* vans.csv */,
				88726B122D75329C00CA62BD /* birkenstock.csv */,
				88726B162D753E5200CA62BD /* croc-ads.csv */,
				88726B152D753C9B00CA62BD /* birkenstock-ads.csv */,
				88726B182D75422B00CA62BD /* hoya-ads.csv */,
				88726B132D7532FC00CA62BD /* ads_data.csv */,
				88726B192D7543CE00CA62BD /* ugg-ads.csv */,
				88726B1A2D75472300CA62BD /* skecher-ads.csv */,
			);
			path = "ads data";
			sourceTree = "<group>";
		};
		88726B2C2D908F2500CA62BD /* discussions */ = {
			isa = PBXGroup;
			children = (
				88726B262D90502400CA62BD /* ops-discussion.md */,
				88726B292D9055EF00CA62BD /* dev-discussion.md */,
				88726B2B2D908E0C00CA62BD /* aws-discussion.md */,
				88726B272D9051C100CA62BD /* logging-discussion.md */,
				88726B282D90532300CA62BD /* container-discussion.md */,
			);
			path = discussions;
			sourceTree = "<group>";
		};
/* End PBXGroup section */

/* Begin PBXProject section */
		88726B022D734EE300CA62BD /* Project object */ = {
			isa = PBXProject;
			attributes = {
				BuildIndependentTargetsInParallel = 1;
				LastUpgradeCheck = 1620;
			};
			buildConfigurationList = 88726B052D734EE300CA62BD /* Build configuration list for PBXProject "ado-utilities" */;
			developmentRegion = en;
			hasScannedForEncodings = 0;
			knownRegions = (
				en,
				Base,
			);
			mainGroup = 88726B012D734EE300CA62BD;
			minimizedProjectReferenceProxies = 1;
			preferredProjectObjectVersion = 77;
			projectDirPath = "";
			projectRoot = "";
			targets = (
			);
		};
/* End PBXProject section */

/* Begin XCBuildConfiguration section */
		88726B062D734EE300CA62BD /* Debug */ = {
			isa = XCBuildConfiguration;
			buildSettings = {
			};
			name = Debug;
		};
		88726B072D734EE300CA62BD /* Release */ = {
			isa = XCBuildConfiguration;
			buildSettings = {
			};
			name = Release;
		};
/* End XCBuildConfiguration section */

/* Begin XCConfigurationList section */
		88726B052D734EE300CA62BD /* Build configuration list for PBXProject "ado-utilities" */ = {
			isa = XCConfigurationList;
			buildConfigurations = (
				88726B062D734EE300CA62BD /* Debug */,
				88726B072D734EE300CA62BD /* Release */,
			);
			defaultConfigurationIsVisible = 0;
			defaultConfigurationName = Release;
		};
/* End XCConfigurationList section */
	};
	rootObject = 88726B022D734EE300CA62BD /* Project object */;
}
